
Microsoft Visual Studio Solution File, Format Version 12.00
# Visual Studio 15
VisualStudioVersion = 15.0.28010.2036
MinimumVisualStudioVersion = 10.0.40219.1
Project("{FAE04EC0-301F-11D3-BF4B-00C04F79EFBC}") = "WebAPI", "WebAPI\WebAPI.csproj", "{E29C6C2C-9E36-40BE-98A5-D2CC2FFBCA10}"
EndProject
Project("{FAE04EC0-301F-11D3-BF4B-00C04F79EFBC}") = "WebMVC", "WebMVC\WebMVC.csproj", "{2DBB187C-4268-47AF-952B-62B1F6AF3795}"
EndProject
Global
	GlobalSection(SolutionConfigurationPlatforms) = preSolution
		Debug|Any CPU = Debug|Any CPU
		Release|Any CPU = Release|Any CPU
	EndGlobalSection
	GlobalSection(ProjectConfigurationPlatforms) = postSolution
		{E29C6C2C-9E36-40BE-98A5-D2CC2FFBCA10}.Debug|Any CPU.ActiveCfg = Debug|Any CPU
		{E29C6C2C-9E36-40BE-98A5-D2CC2FFBCA10}.Debug|Any CPU.Build.0 = Debug|Any CPU
		{E29C6C2C-9E36-40BE-98A5-D2CC2FFBCA10}.Release|Any CPU.ActiveCfg = Release|Any CPU
		{E29C6C2C-9E36-40BE-98A5-D2CC2FFBCA10}.Release|Any CPU.Build.0 = Release|Any CPU
		{2DBB187C-4268-47AF-952B-62B1F6AF3795}.Debug|Any CPU.ActiveCfg = Debug|Any CPU
		{2DBB187C-4268-47AF-952B-62B1F6AF3795}.Debug|Any CPU.Build.0 = Debug|Any CPU
		{2DBB187C-4268-47AF-952B-62B1F6AF3795}.Release|Any CPU.ActiveCfg = Release|Any CPU
		{2DBB187C-4268-47AF-952B-62B1F6AF3795}.Release|Any CPU.Build.0 = Release|Any CPU
	EndGlobalSection
	GlobalSection(SolutionProperties) = preSolution
		HideSolutionNode = FALSE
	EndGlobalSection
	GlobalSection(ExtensibilityGlobals) = postSolution
		SolutionGuid = {CF1E18A2-4F79-43BF-994B-E6303981E21C}
	EndGlobalSection
EndGlobal
